{
  "name": "truly-unique",
  "version": "1.0.0",
  "lockfileVersion": 1,
  "requires": true,
  "dependencies": {
    "sort-objects-array": {
      "version": "1.4.1",
      "resolved": "https://registry.npmjs.org/sort-objects-array/-/sort-objects-array-1.4.1.tgz",
      "integrity": "sha1-wOYhb4cXugZQlguT+QkM/pxp8Io="
    },
    "stemmer": {
      "version": "1.0.3",
      "resolved": "https://registry.npmjs.org/stemmer/-/stemmer-1.0.3.tgz",
      "integrity": "sha512-OHF/1kDQdV/8omIFGk7vCSZOnJ7RAk5nsbm2AVNiUrWpdKSNihQp0OODezjC7cd6ZcSgSaKCDPDjWDty2UQNDg=="
    }
  }
}
